// !$*UTF8*$!
{
	archiveVersion = 1;
	classes = {
	};
	objectVersion = 50;
	objects = {

/* Begin PBXBuildFile section */
		BD391700243B990000972DBD /* AppDelegate.swift in Sources */ = {isa = PBXBuildFile; fileRef = BD3916FF243B990000972DBD /* AppDelegate.swift */; };
		BD391702243B990000972DBD /* ViewController.swift in Sources */ = {isa = PBXBuildFile; fileRef = BD391701243B990000972DBD /* ViewController.swift */; };
		BD391707243B990000972DBD /* Main.storyboard in Resources */ = {isa = PBXBuildFile; fileRef = BD391705243B990000972DBD /* Main.storyboard */; };
		BD391709243B990200972DBD /* Assets.xcassets in Resources */ = {isa = PBXBuildFile; fileRef = BD391708243B990200972DBD /* Assets.xcassets */; };
		BD39170C243B990200972DBD /* LaunchScreen.storyboard in Resources */ = {isa = PBXBuildFile; fileRef = BD39170A243B990200972DBD /* LaunchScreen.storyboard */; };
		BD39173A243B9E9C00972DBD /* memory_card_4.usdz in Resources */ = {isa = PBXBuildFile; fileRef = BD391732243B9E9C00972DBD /* memory_card_4.usdz */; };
		BD39173B243B9E9C00972DBD /* memory_card_7.usdz in Resources */ = {isa = PBXBuildFile; fileRef = BD391733243B9E9C00972DBD /* memory_card_7.usdz */; };
		BD39173C243B9E9C00972DBD /* memory_card_3.usdz in Resources */ = {isa = PBXBuildFile; fileRef = BD391734243B9E9C00972DBD /* memory_card_3.usdz */; };
		BD39173D243B9E9C00972DBD /* memory_card_5.usdz in Resources */ = {isa = PBXBuildFile; fileRef = BD391735243B9E9C00972DBD /* memory_card_5.usdz */; };
		BD39173E243B9E9C00972DBD /* memory_card_8.usdz in Resources */ = {isa = PBXBuildFile; fileRef = BD391736243B9E9C00972DBD /* memory_card_8.usdz */; };
		BD39173F243B9E9C00972DBD /* memory_card_2.usdz in Resources */ = {isa = PBXBuildFile; fileRef = BD391737243B9E9C00972DBD /* memory_card_2.usdz */; };
		BD391740243B9E9C00972DBD /* memory_card_6.usdz in Resources */ = {isa = PBXBuildFile; fileRef = BD391738243B9E9C00972DBD /* memory_card_6.usdz */; };
		BD391741243B9E9C00972DBD /* memory_card_1.usdz in Resources */ = {isa = PBXBuildFile; fileRef = BD391739243B9E9C00972DBD /* memory_card_1.usdz */; };
/* End PBXBuildFile section */

/* Begin PBXFileReference section */
		BD3916FC243B990000972DBD /* ar-raycast-grid.app */ = {isa = PBXFileReference; explicitFileType = wrapper.application; includeInIndex = 0; path = "ar-raycast-grid.app"; sourceTree = BUILT_PRODUCTS_DIR; };
		BD3916FF243B990000972DBD /* AppDelegate.swift */ = {isa = PBXFileReference; lastKnownFileType = sourcecode.swift; path = AppDelegate.swift; sourceTree = "<group>"; };
		BD391701243B990000972DBD /* ViewController.swift */ = {isa = PBXFileReference; lastKnownFileType = sourcecode.swift; path = ViewController.swift; sourceTree = "<group>"; };
		BD391706243B990000972DBD /* Base */ = {isa = PBXFileReference; lastKnownFileType = file.storyboard; name = Base; path = Base.lproj/Main.storyboard; sourceTree = "<group>"; };
		BD391708243B990200972DBD /* Assets.xcassets */ = {isa = PBXFileReference; lastKnownFileType = folder.assetcatalog; path = Assets.xcassets; sourceTree = "<group>"; };
		BD39170B243B990200972DBD /* Base */ = {isa = PBXFileReference; lastKnownFileType = file.storyboard; name = Base; path = Base.lproj/LaunchScreen.storyboard; sourceTree = "<group>"; };
		BD39170D243B990200972DBD /* Info.plist */ = {isa = PBXFileReference; lastKnownFileType = text.plist.xml; path = Info.plist; sourceTree = "<group>"; };
		BD391732243B9E9C00972DBD /* memory_card_4.usdz */ = {isa = PBXFileReference; lastKnownFileType = file.usdz; name = memory_card_4.usdz; path = "ar-models/memory_card_4.usdz"; sourceTree = SOURCE_ROOT; };
		BD391733243B9E9C00972DBD /* memory_card_7.usdz */ = {isa = PBXFileReference; lastKnownFileType = file.usdz; name = memory_card_7.usdz; path = "ar-models/memory_card_7.usdz"; sourceTree = SOURCE_ROOT; };
		BD391734243B9E9C00972DBD /* memory_card_3.usdz */ = {isa = PBXFileReference; lastKnownFileType = file.usdz; name = memory_card_3.usdz; path = "ar-models/memory_card_3.usdz"; sourceTree = SOURCE_ROOT; };
		BD391735243B9E9C00972DBD /* memory_card_5.usdz */ = {isa = PBXFileReference; lastKnownFileType = file.usdz; name = memory_card_5.usdz; path = "ar-models/memory_card_5.usdz"; sourceTree = SOURCE_ROOT; };
		BD391736243B9E9C00972DBD /* memory_card_8.usdz */ = {isa = PBXFileReference; lastKnownFileType = file.usdz; name = memory_card_8.usdz; path = "ar-models/memory_card_8.usdz"; sourceTree = SOURCE_ROOT; };
		BD391737243B9E9C00972DBD /* memory_card_2.usdz */ = {isa = PBXFileReference; lastKnownFileType = file.usdz; name = memory_card_2.usdz; path = "ar-models/memory_card_2.usdz"; sourceTree = SOURCE_ROOT; };
		BD391738243B9E9C00972DBD /* memory_card_6.usdz */ = {isa = PBXFileReference; lastKnownFileType = file.usdz; name = memory_card_6.usdz; path = "ar-models/memory_card_6.usdz"; sourceTree = SOURCE_ROOT; };
		BD391739243B9E9C00972DBD /* memory_card_1.usdz */ = {isa = PBXFileReference; lastKnownFileType = file.usdz; name = memory_card_1.usdz; path = "ar-models/memory_card_1.usdz"; sourceTree = SOURCE_ROOT; };
/* End PBXFileReference section */

/* Begin PBXFrameworksBuildPhase section */
		BD3916F9243B990000972DBD /* Frameworks */ = {
			isa = PBXFrameworksBuildPhase;
			buildActionMask = 2147483647;
			files = (
			);
			runOnlyForDeploymentPostprocessing = 0;
		};
/* End PBXFrameworksBuildPhase section */

/* Begin PBXGroup section */
		BD3916F3243B990000972DBD = {
			isa = PBXGroup;
			children = (
				BD3916FE243B990000972DBD /* ar-raycast-grid */,
				BD3916FD243B990000972DBD /* Products */,
			);
			sourceTree = "<group>";
		};
		BD3916FD243B990000972DBD /* Products */ = {
			isa = PBXGroup;
			children = (
				BD3916FC243B990000972DBD /* ar-raycast-grid.app */,
			);
			name = Products;
			sourceTree = "<group>";
		};
		BD3916FE243B990000972DBD /* ar-raycast-grid */ = {
			isa = PBXGroup;
			children = (
				BD3916FF243B990000972DBD /* AppDelegate.swift */,
				BD391701243B990000972DBD /* ViewController.swift */,
				BD391705243B990000972DBD /* Main.storyboard */,
				BD391708243B990200972DBD /* Assets.xcassets */,
				BD391731243B9CCA00972DBD /* ar-models */,
				BD39170A243B990200972DBD /* LaunchScreen.storyboard */,
				BD39170D243B990200972DBD /* Info.plist */,
			);
			path = "ar-raycast-grid";
			sourceTree = "<group>";
		};
		BD391731243B9CCA00972DBD /* ar-models */ = {
			isa = PBXGroup;
			children = (
				BD391739243B9E9C00972DBD /* memory_card_1.usdz */,
				BD391737243B9E9C00972DBD /* memory_card_2.usdz */,
				BD391734243B9E9C00972DBD /* memory_card_3.usdz */,
				BD391732243B9E9C00972DBD /* memory_card_4.usdz */,
				BD391735243B9E9C00972DBD /* memory_card_5.usdz */,
				BD391738243B9E9C00972DBD /* memory_card_6.usdz */,
				BD391733243B9E9C00972DBD /* memory_card_7.usdz */,
				BD391736243B9E9C00972DBD /* memory_card_8.usdz */,
			);
			path = "ar-models";
			sourceTree = "<group>";
		};
/* End PBXGroup section */

/* Begin PBXNativeTarget section */
		BD3916FB243B990000972DBD /* ar-raycast-grid */ = {
			isa = PBXNativeTarget;
			buildConfigurationList = BD391710243B990200972DBD /* Build configuration list for PBXNativeTarget "ar-raycast-grid" */;
			buildPhases = (
				BD3916F8243B990000972DBD /* Sources */,
				BD3916F9243B990000972DBD /* Frameworks */,
				BD3916FA243B990000972DBD /* Resources */,
			);
			buildRules = (
			);
			dependencies = (
			);
			name = "ar-raycast-grid";
			productName = "ar-memory-game";
			productReference = BD3916FC243B990000972DBD /* ar-raycast-grid.app */;
			productType = "com.apple.product-type.application";
		};
/* End PBXNativeTarget section */

/* Begin PBXProject section */
		BD3916F4243B990000972DBD /* Project object */ = {
			isa = PBXProject;
			attributes = {
				LastSwiftUpdateCheck = 1140;
				LastUpgradeCheck = 1140;
				ORGANIZATIONNAME = "Sebastiaan Hols";
				TargetAttributes = {
					BD3916FB243B990000972DBD = {
						CreatedOnToolsVersion = 11.4;
					};
				};
			};
			buildConfigurationList = BD3916F7243B990000972DBD /* Build configuration list for PBXProject "ar-raycast-grid" */;
			compatibilityVersion = "Xcode 9.3";
			developmentRegion = en;
			hasScannedForEncodings = 0;
			knownRegions = (
				en,
				Base,
			);
			mainGroup = BD3916F3243B990000972DBD;
			productRefGroup = BD3916FD243B990000972DBD /* Products */;
			projectDirPath = "";
			projectRoot = "";
			targets = (
				BD3916FB243B990000972DBD /* ar-raycast-grid */,
			);
		};
/* End PBXProject section */

/* Begin PBXResourcesBuildPhase section */
		BD3916FA243B990000972DBD /* Resources */ = {
			isa = PBXResourcesBuildPhase;
			buildActionMask = 2147483647;
			files = (
				BD39170C243B990200972DBD /* LaunchScreen.storyboard in Resources */,
				BD391709243B990200972DBD /* Assets.xcassets in Resources */,
				BD39173D243B9E9C00972DBD /* memory_card_5.usdz in Resources */,
				BD39173B243B9E9C00972DBD /* memory_card_7.usdz in Resources */,
				BD391707243B990000972DBD /* Main.storyboard in Resources */,
				BD39173C243B9E9C00972DBD /* memory_card_3.usdz in Resources */,
				BD391741243B9E9C00972DBD /* memory_card_1.usdz in Resources */,
				BD39173F243B9E9C00972DBD /* memory_card_2.usdz in Resources */,
				BD391740243B9E9C00972DBD /* memory_card_6.usdz in Resources */,
				BD39173A243B9E9C00972DBD /* memory_card_4.usdz in Resources */,
				BD39173E243B9E9C00972DBD /* memory_card_8.usdz in Resources */,
			);
			runOnlyForDeploymentPostprocessing = 0;
		};
/* End PBXResourcesBuildPhase section */

/* Begin PBXSourcesBuildPhase section */
		BD3916F8243B990000972DBD /* Sources */ = {
			isa = PBXSourcesBuildPhase;
			buildActionMask = 2147483647;
			files = (
				BD391702243B990000972DBD /* ViewController.swift in Sources */,
				BD391700243B990000972DBD /* AppDelegate.swift in Sources */,
			);
			runOnlyForDeploymentPostprocessing = 0;
		};
/* End PBXSourcesBuildPhase section */

/* Begin PBXVariantGroup section */
		BD391705243B990000972DBD /* Main.storyboard */ = {
			isa = PBXVariantGroup;
			children = (
				BD391706243B990000972DBD /* Base */,
			);
			name = Main.storyboard;
			sourceTree = "<group>";
		};
		BD39170A243B990200972DBD /* LaunchScreen.storyboard */ = {
			isa = PBXVariantGroup;
			children = (
				BD39170B243B990200972DBD /* Base */,
			);
			name = LaunchScreen.storyboard;
			sourceTree = "<group>";
		};
/* End PBXVariantGroup section */

/* Begin XCBuildConfiguration section */
		BD39170E243B990200972DBD /* Debug */ = {
			isa = XCBuildConfiguration;
			buildSettings = {
				ALWAYS_SEARCH_USER_PATHS = NO;
				CLANG_ANALYZER_NONNULL = YES;
				CLANG_ANALYZER_NUMBER_OBJECT_CONVERSION = YES_AGGRESSIVE;
				CLANG_CXX_LANGUAGE_STANDARD = "gnu++14";
				CLANG_CXX_LIBRARY = "libc++";
				CLANG_ENABLE_MODULES = YES;
				CLANG_ENABLE_OBJC_ARC = YES;
				CLANG_ENABLE_OBJC_WEAK = YES;
				CLANG_WARN_BLOCK_CAPTURE_AUTORELEASING = YES;
				CLANG_WARN_BOOL_CONVERSION = YES;
				CLANG_WARN_COMMA = YES;
				CLANG_WARN_CONSTANT_CONVERSION = YES;
				CLANG_WARN_DEPRECATED_OBJC_IMPLEMENTATIONS = YES;
				CLANG_WARN_DIRECT_OBJC_ISA_USAGE = YES_ERROR;
				CLANG_WARN_DOCUMENTATION_COMMENTS = YES;
				CLANG_WARN_EMPTY_BODY = YES;
				CLANG_WARN_ENUM_CONVERSION = YES;
				CLANG_WARN_INFINITE_RECURSION = YES;
				CLANG_WARN_INT_CONVERSION = YES;
				CLANG_WARN_NON_LITERAL_NULL_CONVERSION = YES;
				CLANG_WARN_OBJC_IMPLICIT_RETAIN_SELF = YES;
				CLANG_WARN_OBJC_LITERAL_CONVERSION = YES;
				CLANG_WARN_OBJC_ROOT_CLASS = YES_ERROR;
				CLANG_WARN_RANGE_LOOP_ANALYSIS = YES;
				CLANG_WARN_STRICT_PROTOTYPES = YES;
				CLANG_WARN_SUSPICIOUS_MOVE = YES;
				CLANG_WARN_UNGUARDED_AVAILABILITY = YES_AGGRESSIVE;
				CLANG_WARN_UNREACHABLE_CODE = YES;
				CLANG_WARN__DUPLICATE_METHOD_MATCH = YES;
				COPY_PHASE_STRIP = NO;
				DEBUG_INFORMATION_FORMAT = dwarf;
				ENABLE_STRICT_OBJC_MSGSEND = YES;
				ENABLE_TESTABILITY = YES;
				GCC_C_LANGUAGE_STANDARD = gnu11;
				GCC_DYNAMIC_NO_PIC = NO;
				GCC_NO_COMMON_BLOCKS = YES;
				GCC_OPTIMIZATION_LEVEL = 0;
				GCC_PREPROCESSOR_DEFINITIONS = (
					"DEBUG=1",
					"$(inherited)",
				);
				GCC_WARN_64_TO_32_BIT_CONVERSION = YES;
				GCC_WARN_ABOUT_RETURN_TYPE = YES_ERROR;
				GCC_WARN_UNDECLARED_SELECTOR = YES;
				GCC_WARN_UNINITIALIZED_AUTOS = YES_AGGRESSIVE;
				GCC_WARN_UNUSED_FUNCTION = YES;
				GCC_WARN_UNUSED_VARIABLE = YES;
				IPHONEOS_DEPLOYMENT_TARGET = 13.4;
				MTL_ENABLE_DEBUG_INFO = INCLUDE_SOURCE;
				MTL_FAST_MATH = YES;
				ONLY_ACTIVE_ARCH = YES;
				SDKROOT = iphoneos;
				SWIFT_ACTIVE_COMPILATION_CONDITIONS = DEBUG;
				SWIFT_OPTIMIZATION_LEVEL = "-Onone";
			};
			name = Debug;
		};
		BD39170F243B990200972DBD /* Release */ = {
			isa = XCBuildConfiguration;
			buildSettings = {
				ALWAYS_SEARCH_USER_PATHS = NO;
				CLANG_ANALYZER_NONNULL = YES;
				CLANG_ANALYZER_NUMBER_OBJECT_CONVERSION = YES_AGGRESSIVE;
				CLANG_CXX_LANGUAGE_STANDARD = "gnu++14";
				CLANG_CXX_LIBRARY = "libc++";
				CLANG_ENABLE_MODULES = YES;
				CLANG_ENABLE_OBJC_ARC = YES;
				CLANG_ENABLE_OBJC_WEAK = YES;
				CLANG_WARN_BLOCK_CAPTURE_AUTORELEASING = YES;
				CLANG_WARN_BOOL_CONVERSION = YES;
				CLANG_WARN_COMMA = YES;
				CLANG_WARN_CONSTANT_CONVERSION = YES;
				CLANG_WARN_DEPRECATED_OBJC_IMPLEMENTATIONS = YES;
				CLANG_WARN_DIRECT_OBJC_ISA_USAGE = YES_ERROR;
				CLANG_WARN_DOCUMENTATION_COMMENTS = YES;
				CLANG_WARN_EMPTY_BODY = YES;
				CLANG_WARN_ENUM_CONVERSION = YES;
				CLANG_WARN_INFINITE_RECURSION = YES;
				CLANG_WARN_INT_CONVERSION = YES;
				CLANG_WARN_NON_LITERAL_NULL_CONVERSION = YES;
				CLANG_WARN_OBJC_IMPLICIT_RETAIN_SELF = YES;
				CLANG_WARN_OBJC_LITERAL_CONVERSION = YES;
				CLANG_WARN_OBJC_ROOT_CLASS = YES_ERROR;
				CLANG_WARN_RANGE_LOOP_ANALYSIS = YES;
				CLANG_WARN_STRICT_PROTOTYPES = YES;
				CLANG_WARN_SUSPICIOUS_MOVE = YES;
				CLANG_WARN_UNGUARDED_AVAILABILITY = YES_AGGRESSIVE;
				CLANG_WARN_UNREACHABLE_CODE = YES;
				CLANG_WARN__DUPLICATE_METHOD_MATCH = YES;
				COPY_PHASE_STRIP = NO;
				DEBUG_INFORMATION_FORMAT = "dwarf-with-dsym";
				ENABLE_NS_ASSERTIONS = NO;
				ENABLE_STRICT_OBJC_MSGSEND = YES;
				GCC_C_LANGUAGE_STANDARD = gnu11;
				GCC_NO_COMMON_BLOCKS = YES;
				GCC_WARN_64_TO_32_BIT_CONVERSION = YES;
				GCC_WARN_ABOUT_RETURN_TYPE = YES_ERROR;
				GCC_WARN_UNDECLARED_SELECTOR = YES;
				GCC_WARN_UNINITIALIZED_AUTOS = YES_AGGRESSIVE;
				GCC_WARN_UNUSED_FUNCTION = YES;
				GCC_WARN_UNUSED_VARIABLE = YES;
				IPHONEOS_DEPLOYMENT_TARGET = 13.4;
				MTL_ENABLE_DEBUG_INFO = NO;
				MTL_FAST_MATH = YES;
				SDKROOT = iphoneos;
				SWIFT_COMPILATION_MODE = wholemodule;
				SWIFT_OPTIMIZATION_LEVEL = "-O";
				VALIDATE_PRODUCT = YES;
			};
			name = Release;
		};
		BD391711243B990200972DBD /* Debug */ = {
			isa = XCBuildConfiguration;
			buildSettings = {
				ASSETCATALOG_COMPILER_APPICON_NAME = AppIcon;
				CODE_SIGN_STYLE = Automatic;
				DEVELOPMENT_TEAM = 8W7Y9LA367;
				INFOPLIST_FILE = "$(SRCROOT)/ar-raycast-grid/Info.plist";
				LD_RUNPATH_SEARCH_PATHS = (
					"$(inherited)",
					"@executable_path/Frameworks",
				);
				PRODUCT_BUNDLE_IDENTIFIER = "com.dream-emulator.ar-memory-game";
				PRODUCT_NAME = "$(TARGET_NAME)";
				SWIFT_VERSION = 5.0;
				TARGETED_DEVICE_FAMILY = "1,2";
			};
			name = Debug;
		};
		BD391712243B990200972DBD /* Release */ = {
			isa = XCBuildConfiguration;
			buildSettings = {
				ASSETCATALOG_COMPILER_APPICON_NAME = AppIcon;
				CODE_SIGN_STYLE = Automatic;
				DEVELOPMENT_TEAM = 8W7Y9LA367;
				INFOPLIST_FILE = "$(SRCROOT)/ar-raycast-grid/Info.plist";
				LD_RUNPATH_SEARCH_PATHS = (
					"$(inherited)",
					"@executable_path/Frameworks",
				);
				PRODUCT_BUNDLE_IDENTIFIER = "com.dream-emulator.ar-memory-game";
				PRODUCT_NAME = "$(TARGET_NAME)";
				SWIFT_VERSION = 5.0;
				TARGETED_DEVICE_FAMILY = "1,2";
			};
			name = Release;
		};
/* End XCBuildConfiguration section */

/* Begin XCConfigurationList section */
		BD3916F7243B990000972DBD /* Build configuration list for PBXProject "ar-raycast-grid" */ = {
			isa = XCConfigurationList;
			buildConfigurations = (
				BD39170E243B990200972DBD /* Debug */,
				BD39170F243B990200972DBD /* Release */,
			);
			defaultConfigurationIsVisible = 0;
			defaultConfigurationName = Release;
		};
		BD391710243B990200972DBD /* Build configuration list for PBXNativeTarget "ar-raycast-grid" */ = {
			isa = XCConfigurationList;
			buildConfigurations = (
				BD391711243B990200972DBD /* Debug */,
				BD391712243B990200972DBD /* Release */,
			);
			defaultConfigurationIsVisible = 0;
			defaultConfigurationName = Release;
		};
/* End XCConfigurationList section */
	};
	rootObject = BD3916F4243B990000972DBD /* Project object */;
}
